// !$*UTF8*$!
{
	archiveVersion = 1;
	classes = {
	};
	objectVersion = 48;
	objects = {

/* Begin PBXBuildFile section */
		EA70CFE11F93AC7300BB9226 /* Bundle+Extension.swift in Sources */ = {isa = PBXBuildFile; fileRef = EA70CFE01F93AC7300BB9226 /* Bundle+Extension.swift */; };
		EAEE256D1F93A01A00370D09 /* AppDelegate.swift in Sources */ = {isa = PBXBuildFile; fileRef = EAEE256C1F93A01A00370D09 /* AppDelegate.swift */; };
		EAEE256F1F93A01A00370D09 /* ViewController.swift in Sources */ = {isa = PBXBuildFile; fileRef = EAEE256E1F93A01A00370D09 /* ViewController.swift */; };
		EAEE25721F93A01A00370D09 /* Main.storyboard in Resources */ = {isa = PBXBuildFile; fileRef = EAEE25701F93A01A00370D09 /* Main.storyboard */; };
		EAEE25741F93A01A00370D09 /* Assets.xcassets in Resources */ = {isa = PBXBuildFile; fileRef = EAEE25731F93A01A00370D09 /* Assets.xcassets */; };
		EAEE25771F93A01A00370D09 /* LaunchScreen.storyboard in Resources */ = {isa = PBXBuildFile; fileRef = EAEE25751F93A01A00370D09 /* LaunchScreen.storyboard */; };
		EAEE25821F93A01A00370D09 /* _07_____Tests.swift in Sources */ = {isa = PBXBuildFile; fileRef = EAEE25811F93A01A00370D09 /* _07_____Tests.swift */; };
		EAEE258D1F93A01A00370D09 /* _07_____UITests.swift in Sources */ = {isa = PBXBuildFile; fileRef = EAEE258C1F93A01A00370D09 /* _07_____UITests.swift */; };
/* End PBXBuildFile section */

/* Begin PBXContainerItemProxy section */
		EAEE257E1F93A01A00370D09 /* PBXContainerItemProxy */ = {
			isa = PBXContainerItemProxy;
			containerPortal = EAEE25611F93A01A00370D09 /* Project object */;
			proxyType = 1;
			remoteGlobalIDString = EAEE25681F93A01A00370D09;
			remoteInfo = "007-反射机制";
		};
		EAEE25891F93A01A00370D09 /* PBXContainerItemProxy */ = {
			isa = PBXContainerItemProxy;
			containerPortal = EAEE25611F93A01A00370D09 /* Project object */;
			proxyType = 1;
			remoteGlobalIDString = EAEE25681F93A01A00370D09;
			remoteInfo = "007-反射机制";
		};
/* End PBXContainerItemProxy section */

/* Begin PBXFileReference section */
		EA70CFE01F93AC7300BB9226 /* Bundle+Extension.swift */ = {isa = PBXFileReference; lastKnownFileType = sourcecode.swift; path = "Bundle+Extension.swift"; sourceTree = "<group>"; };
		EAEE25691F93A01A00370D09 /* 007-反射机制.app */ = {isa = PBXFileReference; explicitFileType = wrapper.application; includeInIndex = 0; path = "007-反射机制.app"; sourceTree = BUILT_PRODUCTS_DIR; };
		EAEE256C1F93A01A00370D09 /* AppDelegate.swift */ = {isa = PBXFileReference; lastKnownFileType = sourcecode.swift; path = AppDelegate.swift; sourceTree = "<group>"; };
		EAEE256E1F93A01A00370D09 /* ViewController.swift */ = {isa = PBXFileReference; lastKnownFileType = sourcecode.swift; path = ViewController.swift; sourceTree = "<group>"; };
		EAEE25711F93A01A00370D09 /* Base */ = {isa = PBXFileReference; lastKnownFileType = file.storyboard; name = Base; path = Base.lproj/Main.storyboard; sourceTree = "<group>"; };
		EAEE25731F93A01A00370D09 /* Assets.xcassets */ = {isa = PBXFileReference; lastKnownFileType = folder.assetcatalog; path = Assets.xcassets; sourceTree = "<group>"; };
		EAEE25761F93A01A00370D09 /* Base */ = {isa = PBXFileReference; lastKnownFileType = file.storyboard; name = Base; path = Base.lproj/LaunchScreen.storyboard; sourceTree = "<group>"; };
		EAEE25781F93A01A00370D09 /* Info.plist */ = {isa = PBXFileReference; lastKnownFileType = text.plist.xml; path = Info.plist; sourceTree = "<group>"; };
		EAEE257D1F93A01A00370D09 /* 007-反射机制Tests.xctest */ = {isa = PBXFileReference; explicitFileType = wrapper.cfbundle; includeInIndex = 0; path = "007-反射机制Tests.xctest"; sourceTree = BUILT_PRODUCTS_DIR; };
		EAEE25811F93A01A00370D09 /* _07_____Tests.swift */ = {isa = PBXFileReference; lastKnownFileType = sourcecode.swift; path = "_07_____Tests.swift"; sourceTree = "<group>"; };
		EAEE25831F93A01A00370D09 /* Info.plist */ = {isa = PBXFileReference; lastKnownFileType = text.plist.xml; path = Info.plist; sourceTree = "<group>"; };
		EAEE25881F93A01A00370D09 /* 007-反射机制UITests.xctest */ = {isa = PBXFileReference; explicitFileType = wrapper.cfbundle; includeInIndex = 0; path = "007-反射机制UITests.xctest"; sourceTree = BUILT_PRODUCTS_DIR; };
		EAEE258C1F93A01A00370D09 /* _07_____UITests.swift */ = {isa = PBXFileReference; lastKnownFileType = sourcecode.swift; path = "_07_____UITests.swift"; sourceTree = "<group>"; };
		EAEE258E1F93A01A00370D09 /* Info.plist */ = {isa = PBXFileReference; lastKnownFileType = text.plist.xml; path = Info.plist; sourceTree = "<group>"; };
/* End PBXFileReference section */

/* Begin PBXFrameworksBuildPhase section */
		EAEE25661F93A01A00370D09 /* Frameworks */ = {
			isa = PBXFrameworksBuildPhase;
			buildActionMask = 2147483647;
			files = (
			);
			runOnlyForDeploymentPostprocessing = 0;
		};
		EAEE257A1F93A01A00370D09 /* Frameworks */ = {
			isa = PBXFrameworksBuildPhase;
			buildActionMask = 2147483647;
			files = (
			);
			runOnlyForDeploymentPostprocessing = 0;
		};
		EAEE25851F93A01A00370D09 /* Frameworks */ = {
			isa = PBXFrameworksBuildPhase;
			buildActionMask = 2147483647;
			files = (
			);
			runOnlyForDeploymentPostprocessing = 0;
		};
/* End PBXFrameworksBuildPhase section */

/* Begin PBXGroup section */
		EAEE25601F93A01A00370D09 = {
			isa = PBXGroup;
			children = (
				EAEE256B1F93A01A00370D09 /* 007-反射机制 */,
				EAEE25801F93A01A00370D09 /* 007-反射机制Tests */,
				EAEE258B1F93A01A00370D09 /* 007-反射机制UITests */,
				EAEE256A1F93A01A00370D09 /* Products */,
			);
			sourceTree = "<group>";
		};
		EAEE256A1F93A01A00370D09 /* Products */ = {
			isa = PBXGroup;
			children = (
				EAEE25691F93A01A00370D09 /* 007-反射机制.app */,
				EAEE257D1F93A01A00370D09 /* 007-反射机制Tests.xctest */,
				EAEE25881F93A01A00370D09 /* 007-反射机制UITests.xctest */,
			);
			name = Products;
			sourceTree = "<group>";
		};
		EAEE256B1F93A01A00370D09 /* 007-反射机制 */ = {
			isa = PBXGroup;
			children = (
				EAEE256C1F93A01A00370D09 /* AppDelegate.swift */,
				EAEE256E1F93A01A00370D09 /* ViewController.swift */,
				EA70CFE01F93AC7300BB9226 /* Bundle+Extension.swift */,
				EAEE25701F93A01A00370D09 /* Main.storyboard */,
				EAEE25731F93A01A00370D09 /* Assets.xcassets */,
				EAEE25751F93A01A00370D09 /* LaunchScreen.storyboard */,
				EAEE25781F93A01A00370D09 /* Info.plist */,
			);
			path = "007-反射机制";
			sourceTree = "<group>";
		};
		EAEE25801F93A01A00370D09 /* 007-反射机制Tests */ = {
			isa = PBXGroup;
			children = (
				EAEE25811F93A01A00370D09 /* _07_____Tests.swift */,
				EAEE25831F93A01A00370D09 /* Info.plist */,
			);
			path = "007-反射机制Tests";
			sourceTree = "<group>";
		};
		EAEE258B1F93A01A00370D09 /* 007-反射机制UITests */ = {
			isa = PBXGroup;
			children = (
				EAEE258C1F93A01A00370D09 /* _07_____UITests.swift */,
				EAEE258E1F93A01A00370D09 /* Info.plist */,
			);
			path = "007-反射机制UITests";
			sourceTree = "<group>";
		};
/* End PBXGroup section */

/* Begin PBXNativeTarget section */
		EAEE25681F93A01A00370D09 /* 007-反射机制 */ = {
			isa = PBXNativeTarget;
			buildConfigurationList = EAEE25911F93A01A00370D09 /* Build configuration list for PBXNativeTarget "007-反射机制" */;
			buildPhases = (
				EAEE25651F93A01A00370D09 /* Sources */,
				EAEE25661F93A01A00370D09 /* Frameworks */,
				EAEE25671F93A01A00370D09 /* Resources */,
			);
			buildRules = (
			);
			dependencies = (
			);
			name = "007-反射机制";
			productName = "007-反射机制";
			productReference = EAEE25691F93A01A00370D09 /* 007-反射机制.app */;
			productType = "com.apple.product-type.application";
		};
		EAEE257C1F93A01A00370D09 /* 007-反射机制Tests */ = {
			isa = PBXNativeTarget;
			buildConfigurationList = EAEE25941F93A01A00370D09 /* Build configuration list for PBXNativeTarget "007-反射机制Tests" */;
			buildPhases = (
				EAEE25791F93A01A00370D09 /* Sources */,
				EAEE257A1F93A01A00370D09 /* Frameworks */,
				EAEE257B1F93A01A00370D09 /* Resources */,
			);
			buildRules = (
			);
			dependencies = (
				EAEE257F1F93A01A00370D09 /* PBXTargetDependency */,
			);
			name = "007-反射机制Tests";
			productName = "007-反射机制Tests";
			productReference = EAEE257D1F93A01A00370D09 /* 007-反射机制Tests.xctest */;
			productType = "com.apple.product-type.bundle.unit-test";
		};
		EAEE25871F93A01A00370D09 /* 007-反射机制UITests */ = {
			isa = PBXNativeTarget;
			buildConfigurationList = EAEE25971F93A01A00370D09 /* Build configuration list for PBXNativeTarget "007-反射机制UITests" */;
			buildPhases = (
				EAEE25841F93A01A00370D09 /* Sources */,
				EAEE25851F93A01A00370D09 /* Frameworks */,
				EAEE25861F93A01A00370D09 /* Resources */,
			);
			buildRules = (
			);
			dependencies = (
				EAEE258A1F93A01A00370D09 /* PBXTargetDependency */,
			);
			name = "007-反射机制UITests";
			productName = "007-反射机制UITests";
			productReference = EAEE25881F93A01A00370D09 /* 007-反射机制UITests.xctest */;
			productType = "com.apple.product-type.bundle.ui-testing";
		};
/* End PBXNativeTarget section */

/* Begin PBXProject section */
		EAEE25611F93A01A00370D09 /* Project object */ = {
			isa = PBXProject;
			attributes = {
				LastSwiftUpdateCheck = 0900;
				LastUpgradeCheck = 0900;
				ORGANIZATIONNAME = GZY;
				TargetAttributes = {
					EAEE25681F93A01A00370D09 = {
						CreatedOnToolsVersion = 9.0;
						ProvisioningStyle = Automatic;
					};
					EAEE257C1F93A01A00370D09 = {
						CreatedOnToolsVersion = 9.0;
						ProvisioningStyle = Automatic;
						TestTargetID = EAEE25681F93A01A00370D09;
					};
					EAEE25871F93A01A00370D09 = {
						CreatedOnToolsVersion = 9.0;
						ProvisioningStyle = Automatic;
						TestTargetID = EAEE25681F93A01A00370D09;
					};
				};
			};
			buildConfigurationList = EAEE25641F93A01A00370D09 /* Build configuration list for PBXProject "007-反射机制" */;
			compatibilityVersion = "Xcode 8.0";
			developmentRegion = en;
			hasScannedForEncodings = 0;
			knownRegions = (
				en,
				Base,
			);
			mainGroup = EAEE25601F93A01A00370D09;
			productRefGroup = EAEE256A1F93A01A00370D09 /* Products */;
			projectDirPath = "";
			projectRoot = "";
			targets = (
				EAEE25681F93A01A00370D09 /* 007-反射机制 */,
				EAEE257C1F93A01A00370D09 /* 007-反射机制Tests */,
				EAEE25871F93A01A00370D09 /* 007-反射机制UITests */,
			);
		};
/* End PBXProject section */

/* Begin PBXResourcesBuildPhase section */
		EAEE25671F93A01A00370D09 /* Resources */ = {
			isa = PBXResourcesBuildPhase;
			buildActionMask = 2147483647;
			files = (
				EAEE25771F93A01A00370D09 /* LaunchScreen.storyboard in Resources */,
				EAEE25741F93A01A00370D09 /* Assets.xcassets in Resources */,
				EAEE25721F93A01A00370D09 /* Main.storyboard in Resources */,
			);
			runOnlyForDeploymentPostprocessing = 0;
		};
		EAEE257B1F93A01A00370D09 /* Resources */ = {
			isa = PBXResourcesBuildPhase;
			buildActionMask = 2147483647;
			files = (
			);
			runOnlyForDeploymentPostprocessing = 0;
		};
		EAEE25861F93A01A00370D09 /* Resources */ = {
			isa = PBXResourcesBuildPhase;
			buildActionMask = 2147483647;
			files = (
			);
			runOnlyForDeploymentPostprocessing = 0;
		};
/* End PBXResourcesBuildPhase section */

/* Begin PBXSourcesBuildPhase section */
		EAEE25651F93A01A00370D09 /* Sources */ = {
			isa = PBXSourcesBuildPhase;
			buildActionMask = 2147483647;
			files = (
				EAEE256F1F93A01A00370D09 /* ViewController.swift in Sources */,
				EA70CFE11F93AC7300BB9226 /* Bundle+Extension.swift in Sources */,
				EAEE256D1F93A01A00370D09 /* AppDelegate.swift in Sources */,
			);
			runOnlyForDeploymentPostprocessing = 0;
		};
		EAEE25791F93A01A00370D09 /* Sources */ = {
			isa = PBXSourcesBuildPhase;
			buildActionMask = 2147483647;
			files = (
				EAEE25821F93A01A00370D09 /* _07_____Tests.swift in Sources */,
			);
			runOnlyForDeploymentPostprocessing = 0;
		};
		EAEE25841F93A01A00370D09 /* Sources */ = {
			isa = PBXSourcesBuildPhase;
			buildActionMask = 2147483647;
			files = (
				EAEE258D1F93A01A00370D09 /* _07_____UITests.swift in Sources */,
			);
			runOnlyForDeploymentPostprocessing = 0;
		};
/* End PBXSourcesBuildPhase section */

/* Begin PBXTargetDependency section */
		EAEE257F1F93A01A00370D09 /* PBXTargetDependency */ = {
			isa = PBXTargetDependency;
			target = EAEE25681F93A01A00370D09 /* 007-反射机制 */;
			targetProxy = EAEE257E1F93A01A00370D09 /* PBXContainerItemProxy */;
		};
		EAEE258A1F93A01A00370D09 /* PBXTargetDependency */ = {
			isa = PBXTargetDependency;
			target = EAEE25681F93A01A00370D09 /* 007-反射机制 */;
			targetProxy = EAEE25891F93A01A00370D09 /* PBXContainerItemProxy */;
		};
/* End PBXTargetDependency section */

/* Begin PBXVariantGroup section */
		EAEE25701F93A01A00370D09 /* Main.storyboard */ = {
			isa = PBXVariantGroup;
			children = (
				EAEE25711F93A01A00370D09 /* Base */,
			);
			name = Main.storyboard;
			sourceTree = "<group>";
		};
		EAEE25751F93A01A00370D09 /* LaunchScreen.storyboard */ = {
			isa = PBXVariantGroup;
			children = (
				EAEE25761F93A01A00370D09 /* Base */,
			);
			name = LaunchScreen.storyboard;
			sourceTree = "<group>";
		};
/* End PBXVariantGroup section */

/* Begin XCBuildConfiguration section */
		EAEE258F1F93A01A00370D09 /* Debug */ = {
			isa = XCBuildConfiguration;
			buildSettings = {
				ALWAYS_SEARCH_USER_PATHS = NO;
				CLANG_ANALYZER_NONNULL = YES;
				CLANG_ANALYZER_NUMBER_OBJECT_CONVERSION = YES_AGGRESSIVE;
				CLANG_CXX_LANGUAGE_STANDARD = "gnu++14";
				CLANG_CXX_LIBRARY = "libc++";
				CLANG_ENABLE_MODULES = YES;
				CLANG_ENABLE_OBJC_ARC = YES;
				CLANG_WARN_BLOCK_CAPTURE_AUTORELEASING = YES;
				CLANG_WARN_BOOL_CONVERSION = YES;
				CLANG_WARN_COMMA = YES;
				CLANG_WARN_CONSTANT_CONVERSION = YES;
				CLANG_WARN_DIRECT_OBJC_ISA_USAGE = YES_ERROR;
				CLANG_WARN_DOCUMENTATION_COMMENTS = YES;
				CLANG_WARN_EMPTY_BODY = YES;
				CLANG_WARN_ENUM_CONVERSION = YES;
				CLANG_WARN_INFINITE_RECURSION = YES;
				CLANG_WARN_INT_CONVERSION = YES;
				CLANG_WARN_NON_LITERAL_NULL_CONVERSION = YES;
				CLANG_WARN_OBJC_LITERAL_CONVERSION = YES;
				CLANG_WARN_OBJC_ROOT_CLASS = YES_ERROR;
				CLANG_WARN_RANGE_LOOP_ANALYSIS = YES;
				CLANG_WARN_STRICT_PROTOTYPES = YES;
				CLANG_WARN_SUSPICIOUS_MOVE = YES;
				CLANG_WARN_UNGUARDED_AVAILABILITY = YES_AGGRESSIVE;
				CLANG_WARN_UNREACHABLE_CODE = YES;
				CLANG_WARN__DUPLICATE_METHOD_MATCH = YES;
				CODE_SIGN_IDENTITY = "iPhone Developer";
				COPY_PHASE_STRIP = NO;
				DEBUG_INFORMATION_FORMAT = dwarf;
				ENABLE_STRICT_OBJC_MSGSEND = YES;
				ENABLE_TESTABILITY = YES;
				GCC_C_LANGUAGE_STANDARD = gnu11;
				GCC_DYNAMIC_NO_PIC = NO;
				GCC_NO_COMMON_BLOCKS = YES;
				GCC_OPTIMIZATION_LEVEL = 0;
				GCC_PREPROCESSOR_DEFINITIONS = (
					"DEBUG=1",
					"$(inherited)",
				);
				GCC_WARN_64_TO_32_BIT_CONVERSION = YES;
				GCC_WARN_ABOUT_RETURN_TYPE = YES_ERROR;
				GCC_WARN_UNDECLARED_SELECTOR = YES;
				GCC_WARN_UNINITIALIZED_AUTOS = YES_AGGRESSIVE;
				GCC_WARN_UNUSED_FUNCTION = YES;
				GCC_WARN_UNUSED_VARIABLE = YES;
				IPHONEOS_DEPLOYMENT_TARGET = 11.0;
				MTL_ENABLE_DEBUG_INFO = YES;
				ONLY_ACTIVE_ARCH = YES;
				SDKROOT = iphoneos;
				SWIFT_ACTIVE_COMPILATION_CONDITIONS = DEBUG;
				SWIFT_OPTIMIZATION_LEVEL = "-Onone";
			};
			name = Debug;
		};
		EAEE25901F93A01A00370D09 /* Release */ = {
			isa = XCBuildConfiguration;
			buildSettings = {
				ALWAYS_SEARCH_USER_PATHS = NO;
				CLANG_ANALYZER_NONNULL = YES;
				CLANG_ANALYZER_NUMBER_OBJECT_CONVERSION = YES_AGGRESSIVE;
				CLANG_CXX_LANGUAGE_STANDARD = "gnu++14";
				CLANG_CXX_LIBRARY = "libc++";
				CLANG_ENABLE_MODULES = YES;
				CLANG_ENABLE_OBJC_ARC = YES;
				CLANG_WARN_BLOCK_CAPTURE_AUTORELEASING = YES;
				CLANG_WARN_BOOL_CONVERSION = YES;
				CLANG_WARN_COMMA = YES;
				CLANG_WARN_CONSTANT_CONVERSION = YES;
				CLANG_WARN_DIRECT_OBJC_ISA_USAGE = YES_ERROR;
				CLANG_WARN_DOCUMENTATION_COMMENTS = YES;
				CLANG_WARN_EMPTY_BODY = YES;
				CLANG_WARN_ENUM_CONVERSION = YES;
				CLANG_WARN_INFINITE_RECURSION = YES;
				CLANG_WARN_INT_CONVERSION = YES;
				CLANG_WARN_NON_LITERAL_NULL_CONVERSION = YES;
				CLANG_WARN_OBJC_LITERAL_CONVERSION = YES;
				CLANG_WARN_OBJC_ROOT_CLASS = YES_ERROR;
				CLANG_WARN_RANGE_LOOP_ANALYSIS = YES;
				CLANG_WARN_STRICT_PROTOTYPES = YES;
				CLANG_WARN_SUSPICIOUS_MOVE = YES;
				CLANG_WARN_UNGUARDED_AVAILABILITY = YES_AGGRESSIVE;
				CLANG_WARN_UNREACHABLE_CODE = YES;
				CLANG_WARN__DUPLICATE_METHOD_MATCH = YES;
				CODE_SIGN_IDENTITY = "iPhone Developer";
				COPY_PHASE_STRIP = NO;
				DEBUG_INFORMATION_FORMAT = "dwarf-with-dsym";
				ENABLE_NS_ASSERTIONS = NO;
				ENABLE_STRICT_OBJC_MSGSEND = YES;
				GCC_C_LANGUAGE_STANDARD = gnu11;
				GCC_NO_COMMON_BLOCKS = YES;
				GCC_WARN_64_TO_32_BIT_CONVERSION = YES;
				GCC_WARN_ABOUT_RETURN_TYPE = YES_ERROR;
				GCC_WARN_UNDECLARED_SELECTOR = YES;
				GCC_WARN_UNINITIALIZED_AUTOS = YES_AGGRESSIVE;
				GCC_WARN_UNUSED_FUNCTION = YES;
				GCC_WARN_UNUSED_VARIABLE = YES;
				IPHONEOS_DEPLOYMENT_TARGET = 11.0;
				MTL_ENABLE_DEBUG_INFO = NO;
				SDKROOT = iphoneos;
				SWIFT_OPTIMIZATION_LEVEL = "-Owholemodule";
				VALIDATE_PRODUCT = YES;
			};
			name = Release;
		};
		EAEE25921F93A01A00370D09 /* Debug */ = {
			isa = XCBuildConfiguration;
			buildSettings = {
				ASSETCATALOG_COMPILER_APPICON_NAME = AppIcon;
				CODE_SIGN_STYLE = Automatic;
				INFOPLIST_FILE = "007-反射机制/Info.plist";
				LD_RUNPATH_SEARCH_PATHS = "$(inherited) @executable_path/Frameworks";
				PRODUCT_BUNDLE_IDENTIFIER = "com.bestera.test.-07-----";
				PRODUCT_NAME = "$(TARGET_NAME)";
				SWIFT_VERSION = 4.0;
				TARGETED_DEVICE_FAMILY = "1,2";
			};
			name = Debug;
		};
		EAEE25931F93A01A00370D09 /* Release */ = {
			isa = XCBuildConfiguration;
			buildSettings = {
				ASSETCATALOG_COMPILER_APPICON_NAME = AppIcon;
				CODE_SIGN_STYLE = Automatic;
				INFOPLIST_FILE = "007-反射机制/Info.plist";
				LD_RUNPATH_SEARCH_PATHS = "$(inherited) @executable_path/Frameworks";
				PRODUCT_BUNDLE_IDENTIFIER = "com.bestera.test.-07-----";
				PRODUCT_NAME = "$(TARGET_NAME)";
				SWIFT_VERSION = 4.0;
				TARGETED_DEVICE_FAMILY = "1,2";
			};
			name = Release;
		};
		EAEE25951F93A01A00370D09 /* Debug */ = {
			isa = XCBuildConfiguration;
			buildSettings = {
				ALWAYS_EMBED_SWIFT_STANDARD_LIBRARIES = YES;
				BUNDLE_LOADER = "$(TEST_HOST)";
				CODE_SIGN_STYLE = Automatic;
				INFOPLIST_FILE = "007-反射机制Tests/Info.plist";
				LD_RUNPATH_SEARCH_PATHS = "$(inherited) @executable_path/Frameworks @loader_path/Frameworks";
				PRODUCT_BUNDLE_IDENTIFIER = "com.bestera.test.-07-----Tests";
				PRODUCT_NAME = "$(TARGET_NAME)";
				SWIFT_VERSION = 4.0;
				TARGETED_DEVICE_FAMILY = "1,2";
				TEST_HOST = "$(BUILT_PRODUCTS_DIR)/007-反射机制.app/007-反射机制";
			};
			name = Debug;
		};
		EAEE25961F93A01A00370D09 /* Release */ = {
			isa = XCBuildConfiguration;
			buildSettings = {
				ALWAYS_EMBED_SWIFT_STANDARD_LIBRARIES = YES;
				BUNDLE_LOADER = "$(TEST_HOST)";
				CODE_SIGN_STYLE = Automatic;
				INFOPLIST_FILE = "007-反射机制Tests/Info.plist";
				LD_RUNPATH_SEARCH_PATHS = "$(inherited) @executable_path/Frameworks @loader_path/Frameworks";
				PRODUCT_BUNDLE_IDENTIFIER = "com.bestera.test.-07-----Tests";
				PRODUCT_NAME = "$(TARGET_NAME)";
				SWIFT_VERSION = 4.0;
				TARGETED_DEVICE_FAMILY = "1,2";
				TEST_HOST = "$(BUILT_PRODUCTS_DIR)/007-反射机制.app/007-反射机制";
			};
			name = Release;
		};
		EAEE25981F93A01A00370D09 /* Debug */ = {
			isa = XCBuildConfiguration;
			buildSettings = {
				ALWAYS_EMBED_SWIFT_STANDARD_LIBRARIES = YES;
				CODE_SIGN_STYLE = Automatic;
				INFOPLIST_FILE = "007-反射机制UITests/Info.plist";
				LD_RUNPATH_SEARCH_PATHS = "$(inherited) @executable_path/Frameworks @loader_path/Frameworks";
				PRODUCT_BUNDLE_IDENTIFIER = "com.bestera.test.-07-----UITests";
				PRODUCT_NAME = "$(TARGET_NAME)";
				SWIFT_VERSION = 4.0;
				TARGETED_DEVICE_FAMILY = "1,2";
				TEST_TARGET_NAME = "007-反射机制";
			};
			name = Debug;
		};
		EAEE25991F93A01A00370D09 /* Release */ = {
			isa = XCBuildConfiguration;
			buildSettings = {
				ALWAYS_EMBED_SWIFT_STANDARD_LIBRARIES = YES;
				CODE_SIGN_STYLE = Automatic;
				INFOPLIST_FILE = "007-反射机制UITests/Info.plist";
				LD_RUNPATH_SEARCH_PATHS = "$(inherited) @executable_path/Frameworks @loader_path/Frameworks";
				PRODUCT_BUNDLE_IDENTIFIER = "com.bestera.test.-07-----UITests";
				PRODUCT_NAME = "$(TARGET_NAME)";
				SWIFT_VERSION = 4.0;
				TARGETED_DEVICE_FAMILY = "1,2";
				TEST_TARGET_NAME = "007-反射机制";
			};
			name = Release;
		};
/* End XCBuildConfiguration section */

/* Begin XCConfigurationList section */
		EAEE25641F93A01A00370D09 /* Build configuration list for PBXProject "007-反射机制" */ = {
			isa = XCConfigurationList;
			buildConfigurations = (
				EAEE258F1F93A01A00370D09 /* Debug */,
				EAEE25901F93A01A00370D09 /* Release */,
			);
			defaultConfigurationIsVisible = 0;
			defaultConfigurationName = Release;
		};
		EAEE25911F93A01A00370D09 /* Build configuration list for PBXNativeTarget "007-反射机制" */ = {
			isa = XCConfigurationList;
			buildConfigurations = (
				EAEE25921F93A01A00370D09 /* Debug */,
				EAEE25931F93A01A00370D09 /* Release */,
			);
			defaultConfigurationIsVisible = 0;
			defaultConfigurationName = Release;
		};
		EAEE25941F93A01A00370D09 /* Build configuration list for PBXNativeTarget "007-反射机制Tests" */ = {
			isa = XCConfigurationList;
			buildConfigurations = (
				EAEE25951F93A01A00370D09 /* Debug */,
				EAEE25961F93A01A00370D09 /* Release */,
			);
			defaultConfigurationIsVisible = 0;
			defaultConfigurationName = Release;
		};
		EAEE25971F93A01A00370D09 /* Build configuration list for PBXNativeTarget "007-反射机制UITests" */ = {
			isa = XCConfigurationList;
			buildConfigurations = (
				EAEE25981F93A01A00370D09 /* Debug */,
				EAEE25991F93A01A00370D09 /* Release */,
			);
			defaultConfigurationIsVisible = 0;
			defaultConfigurationName = Release;
		};
/* End XCConfigurationList section */
	};
	rootObject = EAEE25611F93A01A00370D09 /* Project object */;
}
