// !$*UTF8*$!
{
	archiveVersion = 1;
	classes = {
	};
	objectVersion = 46;
	objects = {

/* Begin PBXBuildFile section */
		EA7AD13E1F6831F0006FBDC2 /* AppDelegate.swift in Sources */ = {isa = PBXBuildFile; fileRef = EA7AD13D1F6831F0006FBDC2 /* AppDelegate.swift */; };
		EA7AD1401F6831F0006FBDC2 /* ViewController.swift in Sources */ = {isa = PBXBuildFile; fileRef = EA7AD13F1F6831F0006FBDC2 /* ViewController.swift */; };
		EA7AD1431F6831F0006FBDC2 /* Main.storyboard in Resources */ = {isa = PBXBuildFile; fileRef = EA7AD1411F6831F0006FBDC2 /* Main.storyboard */; };
		EA7AD1451F6831F0006FBDC2 /* Assets.xcassets in Resources */ = {isa = PBXBuildFile; fileRef = EA7AD1441F6831F0006FBDC2 /* Assets.xcassets */; };
		EA7AD1481F6831F0006FBDC2 /* LaunchScreen.storyboard in Resources */ = {isa = PBXBuildFile; fileRef = EA7AD1461F6831F0006FBDC2 /* LaunchScreen.storyboard */; };
		EA7AD1531F6831F0006FBDC2 /* _02______Tests.swift in Sources */ = {isa = PBXBuildFile; fileRef = EA7AD1521F6831F0006FBDC2 /* _02______Tests.swift */; };
		EA7AD15E1F6831F0006FBDC2 /* _02______UITests.swift in Sources */ = {isa = PBXBuildFile; fileRef = EA7AD15D1F6831F0006FBDC2 /* _02______UITests.swift */; };
/* End PBXBuildFile section */

/* Begin PBXContainerItemProxy section */
		EA7AD14F1F6831F0006FBDC2 /* PBXContainerItemProxy */ = {
			isa = PBXContainerItemProxy;
			containerPortal = EA7AD1321F6831F0006FBDC2 /* Project object */;
			proxyType = 1;
			remoteGlobalIDString = EA7AD1391F6831F0006FBDC2;
			remoteInfo = "002-函数的定义";
		};
		EA7AD15A1F6831F0006FBDC2 /* PBXContainerItemProxy */ = {
			isa = PBXContainerItemProxy;
			containerPortal = EA7AD1321F6831F0006FBDC2 /* Project object */;
			proxyType = 1;
			remoteGlobalIDString = EA7AD1391F6831F0006FBDC2;
			remoteInfo = "002-函数的定义";
		};
/* End PBXContainerItemProxy section */

/* Begin PBXFileReference section */
		EA7AD13A1F6831F0006FBDC2 /* 002-函数的定义.app */ = {isa = PBXFileReference; explicitFileType = wrapper.application; includeInIndex = 0; path = "002-函数的定义.app"; sourceTree = BUILT_PRODUCTS_DIR; };
		EA7AD13D1F6831F0006FBDC2 /* AppDelegate.swift */ = {isa = PBXFileReference; lastKnownFileType = sourcecode.swift; path = AppDelegate.swift; sourceTree = "<group>"; };
		EA7AD13F1F6831F0006FBDC2 /* ViewController.swift */ = {isa = PBXFileReference; lastKnownFileType = sourcecode.swift; path = ViewController.swift; sourceTree = "<group>"; };
		EA7AD1421F6831F0006FBDC2 /* Base */ = {isa = PBXFileReference; lastKnownFileType = file.storyboard; name = Base; path = Base.lproj/Main.storyboard; sourceTree = "<group>"; };
		EA7AD1441F6831F0006FBDC2 /* Assets.xcassets */ = {isa = PBXFileReference; lastKnownFileType = folder.assetcatalog; path = Assets.xcassets; sourceTree = "<group>"; };
		EA7AD1471F6831F0006FBDC2 /* Base */ = {isa = PBXFileReference; lastKnownFileType = file.storyboard; name = Base; path = Base.lproj/LaunchScreen.storyboard; sourceTree = "<group>"; };
		EA7AD1491F6831F0006FBDC2 /* Info.plist */ = {isa = PBXFileReference; lastKnownFileType = text.plist.xml; path = Info.plist; sourceTree = "<group>"; };
		EA7AD14E1F6831F0006FBDC2 /* 002-函数的定义Tests.xctest */ = {isa = PBXFileReference; explicitFileType = wrapper.cfbundle; includeInIndex = 0; path = "002-函数的定义Tests.xctest"; sourceTree = BUILT_PRODUCTS_DIR; };
		EA7AD1521F6831F0006FBDC2 /* _02______Tests.swift */ = {isa = PBXFileReference; lastKnownFileType = sourcecode.swift; path = "_02______Tests.swift"; sourceTree = "<group>"; };
		EA7AD1541F6831F0006FBDC2 /* Info.plist */ = {isa = PBXFileReference; lastKnownFileType = text.plist.xml; path = Info.plist; sourceTree = "<group>"; };
		EA7AD1591F6831F0006FBDC2 /* 002-函数的定义UITests.xctest */ = {isa = PBXFileReference; explicitFileType = wrapper.cfbundle; includeInIndex = 0; path = "002-函数的定义UITests.xctest"; sourceTree = BUILT_PRODUCTS_DIR; };
		EA7AD15D1F6831F0006FBDC2 /* _02______UITests.swift */ = {isa = PBXFileReference; lastKnownFileType = sourcecode.swift; path = "_02______UITests.swift"; sourceTree = "<group>"; };
		EA7AD15F1F6831F0006FBDC2 /* Info.plist */ = {isa = PBXFileReference; lastKnownFileType = text.plist.xml; path = Info.plist; sourceTree = "<group>"; };
/* End PBXFileReference section */

/* Begin PBXFrameworksBuildPhase section */
		EA7AD1371F6831F0006FBDC2 /* Frameworks */ = {
			isa = PBXFrameworksBuildPhase;
			buildActionMask = 2147483647;
			files = (
			);
			runOnlyForDeploymentPostprocessing = 0;
		};
		EA7AD14B1F6831F0006FBDC2 /* Frameworks */ = {
			isa = PBXFrameworksBuildPhase;
			buildActionMask = 2147483647;
			files = (
			);
			runOnlyForDeploymentPostprocessing = 0;
		};
		EA7AD1561F6831F0006FBDC2 /* Frameworks */ = {
			isa = PBXFrameworksBuildPhase;
			buildActionMask = 2147483647;
			files = (
			);
			runOnlyForDeploymentPostprocessing = 0;
		};
/* End PBXFrameworksBuildPhase section */

/* Begin PBXGroup section */
		EA7AD1311F6831F0006FBDC2 = {
			isa = PBXGroup;
			children = (
				EA7AD13C1F6831F0006FBDC2 /* 002-函数的定义 */,
				EA7AD1511F6831F0006FBDC2 /* 002-函数的定义Tests */,
				EA7AD15C1F6831F0006FBDC2 /* 002-函数的定义UITests */,
				EA7AD13B1F6831F0006FBDC2 /* Products */,
			);
			sourceTree = "<group>";
		};
		EA7AD13B1F6831F0006FBDC2 /* Products */ = {
			isa = PBXGroup;
			children = (
				EA7AD13A1F6831F0006FBDC2 /* 002-函数的定义.app */,
				EA7AD14E1F6831F0006FBDC2 /* 002-函数的定义Tests.xctest */,
				EA7AD1591F6831F0006FBDC2 /* 002-函数的定义UITests.xctest */,
			);
			name = Products;
			sourceTree = "<group>";
		};
		EA7AD13C1F6831F0006FBDC2 /* 002-函数的定义 */ = {
			isa = PBXGroup;
			children = (
				EA7AD13D1F6831F0006FBDC2 /* AppDelegate.swift */,
				EA7AD13F1F6831F0006FBDC2 /* ViewController.swift */,
				EA7AD1411F6831F0006FBDC2 /* Main.storyboard */,
				EA7AD1441F6831F0006FBDC2 /* Assets.xcassets */,
				EA7AD1461F6831F0006FBDC2 /* LaunchScreen.storyboard */,
				EA7AD1491F6831F0006FBDC2 /* Info.plist */,
			);
			path = "002-函数的定义";
			sourceTree = "<group>";
		};
		EA7AD1511F6831F0006FBDC2 /* 002-函数的定义Tests */ = {
			isa = PBXGroup;
			children = (
				EA7AD1521F6831F0006FBDC2 /* _02______Tests.swift */,
				EA7AD1541F6831F0006FBDC2 /* Info.plist */,
			);
			path = "002-函数的定义Tests";
			sourceTree = "<group>";
		};
		EA7AD15C1F6831F0006FBDC2 /* 002-函数的定义UITests */ = {
			isa = PBXGroup;
			children = (
				EA7AD15D1F6831F0006FBDC2 /* _02______UITests.swift */,
				EA7AD15F1F6831F0006FBDC2 /* Info.plist */,
			);
			path = "002-函数的定义UITests";
			sourceTree = "<group>";
		};
/* End PBXGroup section */

/* Begin PBXNativeTarget section */
		EA7AD1391F6831F0006FBDC2 /* 002-函数的定义 */ = {
			isa = PBXNativeTarget;
			buildConfigurationList = EA7AD1621F6831F0006FBDC2 /* Build configuration list for PBXNativeTarget "002-函数的定义" */;
			buildPhases = (
				EA7AD1361F6831F0006FBDC2 /* Sources */,
				EA7AD1371F6831F0006FBDC2 /* Frameworks */,
				EA7AD1381F6831F0006FBDC2 /* Resources */,
			);
			buildRules = (
			);
			dependencies = (
			);
			name = "002-函数的定义";
			productName = "002-函数的定义";
			productReference = EA7AD13A1F6831F0006FBDC2 /* 002-函数的定义.app */;
			productType = "com.apple.product-type.application";
		};
		EA7AD14D1F6831F0006FBDC2 /* 002-函数的定义Tests */ = {
			isa = PBXNativeTarget;
			buildConfigurationList = EA7AD1651F6831F0006FBDC2 /* Build configuration list for PBXNativeTarget "002-函数的定义Tests" */;
			buildPhases = (
				EA7AD14A1F6831F0006FBDC2 /* Sources */,
				EA7AD14B1F6831F0006FBDC2 /* Frameworks */,
				EA7AD14C1F6831F0006FBDC2 /* Resources */,
			);
			buildRules = (
			);
			dependencies = (
				EA7AD1501F6831F0006FBDC2 /* PBXTargetDependency */,
			);
			name = "002-函数的定义Tests";
			productName = "002-函数的定义Tests";
			productReference = EA7AD14E1F6831F0006FBDC2 /* 002-函数的定义Tests.xctest */;
			productType = "com.apple.product-type.bundle.unit-test";
		};
		EA7AD1581F6831F0006FBDC2 /* 002-函数的定义UITests */ = {
			isa = PBXNativeTarget;
			buildConfigurationList = EA7AD1681F6831F0006FBDC2 /* Build configuration list for PBXNativeTarget "002-函数的定义UITests" */;
			buildPhases = (
				EA7AD1551F6831F0006FBDC2 /* Sources */,
				EA7AD1561F6831F0006FBDC2 /* Frameworks */,
				EA7AD1571F6831F0006FBDC2 /* Resources */,
			);
			buildRules = (
			);
			dependencies = (
				EA7AD15B1F6831F0006FBDC2 /* PBXTargetDependency */,
			);
			name = "002-函数的定义UITests";
			productName = "002-函数的定义UITests";
			productReference = EA7AD1591F6831F0006FBDC2 /* 002-函数的定义UITests.xctest */;
			productType = "com.apple.product-type.bundle.ui-testing";
		};
/* End PBXNativeTarget section */

/* Begin PBXProject section */
		EA7AD1321F6831F0006FBDC2 /* Project object */ = {
			isa = PBXProject;
			attributes = {
				LastSwiftUpdateCheck = 0830;
				LastUpgradeCheck = 0830;
				ORGANIZATIONNAME = GZY;
				TargetAttributes = {
					EA7AD1391F6831F0006FBDC2 = {
						CreatedOnToolsVersion = 8.3.3;
						DevelopmentTeam = Y798R64W36;
						ProvisioningStyle = Automatic;
					};
					EA7AD14D1F6831F0006FBDC2 = {
						CreatedOnToolsVersion = 8.3.3;
						DevelopmentTeam = Y798R64W36;
						ProvisioningStyle = Automatic;
						TestTargetID = EA7AD1391F6831F0006FBDC2;
					};
					EA7AD1581F6831F0006FBDC2 = {
						CreatedOnToolsVersion = 8.3.3;
						DevelopmentTeam = Y798R64W36;
						ProvisioningStyle = Automatic;
						TestTargetID = EA7AD1391F6831F0006FBDC2;
					};
				};
			};
			buildConfigurationList = EA7AD1351F6831F0006FBDC2 /* Build configuration list for PBXProject "002-函数的定义" */;
			compatibilityVersion = "Xcode 3.2";
			developmentRegion = English;
			hasScannedForEncodings = 0;
			knownRegions = (
				en,
				Base,
			);
			mainGroup = EA7AD1311F6831F0006FBDC2;
			productRefGroup = EA7AD13B1F6831F0006FBDC2 /* Products */;
			projectDirPath = "";
			projectRoot = "";
			targets = (
				EA7AD1391F6831F0006FBDC2 /* 002-函数的定义 */,
				EA7AD14D1F6831F0006FBDC2 /* 002-函数的定义Tests */,
				EA7AD1581F6831F0006FBDC2 /* 002-函数的定义UITests */,
			);
		};
/* End PBXProject section */

/* Begin PBXResourcesBuildPhase section */
		EA7AD1381F6831F0006FBDC2 /* Resources */ = {
			isa = PBXResourcesBuildPhase;
			buildActionMask = 2147483647;
			files = (
				EA7AD1481F6831F0006FBDC2 /* LaunchScreen.storyboard in Resources */,
				EA7AD1451F6831F0006FBDC2 /* Assets.xcassets in Resources */,
				EA7AD1431F6831F0006FBDC2 /* Main.storyboard in Resources */,
			);
			runOnlyForDeploymentPostprocessing = 0;
		};
		EA7AD14C1F6831F0006FBDC2 /* Resources */ = {
			isa = PBXResourcesBuildPhase;
			buildActionMask = 2147483647;
			files = (
			);
			runOnlyForDeploymentPostprocessing = 0;
		};
		EA7AD1571F6831F0006FBDC2 /* Resources */ = {
			isa = PBXResourcesBuildPhase;
			buildActionMask = 2147483647;
			files = (
			);
			runOnlyForDeploymentPostprocessing = 0;
		};
/* End PBXResourcesBuildPhase section */

/* Begin PBXSourcesBuildPhase section */
		EA7AD1361F6831F0006FBDC2 /* Sources */ = {
			isa = PBXSourcesBuildPhase;
			buildActionMask = 2147483647;
			files = (
				EA7AD1401F6831F0006FBDC2 /* ViewController.swift in Sources */,
				EA7AD13E1F6831F0006FBDC2 /* AppDelegate.swift in Sources */,
			);
			runOnlyForDeploymentPostprocessing = 0;
		};
		EA7AD14A1F6831F0006FBDC2 /* Sources */ = {
			isa = PBXSourcesBuildPhase;
			buildActionMask = 2147483647;
			files = (
				EA7AD1531F6831F0006FBDC2 /* _02______Tests.swift in Sources */,
			);
			runOnlyForDeploymentPostprocessing = 0;
		};
		EA7AD1551F6831F0006FBDC2 /* Sources */ = {
			isa = PBXSourcesBuildPhase;
			buildActionMask = 2147483647;
			files = (
				EA7AD15E1F6831F0006FBDC2 /* _02______UITests.swift in Sources */,
			);
			runOnlyForDeploymentPostprocessing = 0;
		};
/* End PBXSourcesBuildPhase section */

/* Begin PBXTargetDependency section */
		EA7AD1501F6831F0006FBDC2 /* PBXTargetDependency */ = {
			isa = PBXTargetDependency;
			target = EA7AD1391F6831F0006FBDC2 /* 002-函数的定义 */;
			targetProxy = EA7AD14F1F6831F0006FBDC2 /* PBXContainerItemProxy */;
		};
		EA7AD15B1F6831F0006FBDC2 /* PBXTargetDependency */ = {
			isa = PBXTargetDependency;
			target = EA7AD1391F6831F0006FBDC2 /* 002-函数的定义 */;
			targetProxy = EA7AD15A1F6831F0006FBDC2 /* PBXContainerItemProxy */;
		};
/* End PBXTargetDependency section */

/* Begin PBXVariantGroup section */
		EA7AD1411F6831F0006FBDC2 /* Main.storyboard */ = {
			isa = PBXVariantGroup;
			children = (
				EA7AD1421F6831F0006FBDC2 /* Base */,
			);
			name = Main.storyboard;
			sourceTree = "<group>";
		};
		EA7AD1461F6831F0006FBDC2 /* LaunchScreen.storyboard */ = {
			isa = PBXVariantGroup;
			children = (
				EA7AD1471F6831F0006FBDC2 /* Base */,
			);
			name = LaunchScreen.storyboard;
			sourceTree = "<group>";
		};
/* End PBXVariantGroup section */

/* Begin XCBuildConfiguration section */
		EA7AD1601F6831F0006FBDC2 /* Debug */ = {
			isa = XCBuildConfiguration;
			buildSettings = {
				ALWAYS_SEARCH_USER_PATHS = NO;
				CLANG_ANALYZER_NONNULL = YES;
				CLANG_ANALYZER_NUMBER_OBJECT_CONVERSION = YES_AGGRESSIVE;
				CLANG_CXX_LANGUAGE_STANDARD = "gnu++0x";
				CLANG_CXX_LIBRARY = "libc++";
				CLANG_ENABLE_MODULES = YES;
				CLANG_ENABLE_OBJC_ARC = YES;
				CLANG_WARN_BOOL_CONVERSION = YES;
				CLANG_WARN_CONSTANT_CONVERSION = YES;
				CLANG_WARN_DIRECT_OBJC_ISA_USAGE = YES_ERROR;
				CLANG_WARN_DOCUMENTATION_COMMENTS = YES;
				CLANG_WARN_EMPTY_BODY = YES;
				CLANG_WARN_ENUM_CONVERSION = YES;
				CLANG_WARN_INFINITE_RECURSION = YES;
				CLANG_WARN_INT_CONVERSION = YES;
				CLANG_WARN_OBJC_ROOT_CLASS = YES_ERROR;
				CLANG_WARN_SUSPICIOUS_MOVE = YES;
				CLANG_WARN_UNREACHABLE_CODE = YES;
				CLANG_WARN__DUPLICATE_METHOD_MATCH = YES;
				"CODE_SIGN_IDENTITY[sdk=iphoneos*]" = "iPhone Developer";
				COPY_PHASE_STRIP = NO;
				DEBUG_INFORMATION_FORMAT = dwarf;
				ENABLE_STRICT_OBJC_MSGSEND = YES;
				ENABLE_TESTABILITY = YES;
				GCC_C_LANGUAGE_STANDARD = gnu99;
				GCC_DYNAMIC_NO_PIC = NO;
				GCC_NO_COMMON_BLOCKS = YES;
				GCC_OPTIMIZATION_LEVEL = 0;
				GCC_PREPROCESSOR_DEFINITIONS = (
					"DEBUG=1",
					"$(inherited)",
				);
				GCC_WARN_64_TO_32_BIT_CONVERSION = YES;
				GCC_WARN_ABOUT_RETURN_TYPE = YES_ERROR;
				GCC_WARN_UNDECLARED_SELECTOR = YES;
				GCC_WARN_UNINITIALIZED_AUTOS = YES_AGGRESSIVE;
				GCC_WARN_UNUSED_FUNCTION = YES;
				GCC_WARN_UNUSED_VARIABLE = YES;
				IPHONEOS_DEPLOYMENT_TARGET = 10.3;
				MTL_ENABLE_DEBUG_INFO = YES;
				ONLY_ACTIVE_ARCH = YES;
				SDKROOT = iphoneos;
				SWIFT_ACTIVE_COMPILATION_CONDITIONS = DEBUG;
				SWIFT_OPTIMIZATION_LEVEL = "-Onone";
			};
			name = Debug;
		};
		EA7AD1611F6831F0006FBDC2 /* Release */ = {
			isa = XCBuildConfiguration;
			buildSettings = {
				ALWAYS_SEARCH_USER_PATHS = NO;
				CLANG_ANALYZER_NONNULL = YES;
				CLANG_ANALYZER_NUMBER_OBJECT_CONVERSION = YES_AGGRESSIVE;
				CLANG_CXX_LANGUAGE_STANDARD = "gnu++0x";
				CLANG_CXX_LIBRARY = "libc++";
				CLANG_ENABLE_MODULES = YES;
				CLANG_ENABLE_OBJC_ARC = YES;
				CLANG_WARN_BOOL_CONVERSION = YES;
				CLANG_WARN_CONSTANT_CONVERSION = YES;
				CLANG_WARN_DIRECT_OBJC_ISA_USAGE = YES_ERROR;
				CLANG_WARN_DOCUMENTATION_COMMENTS = YES;
				CLANG_WARN_EMPTY_BODY = YES;
				CLANG_WARN_ENUM_CONVERSION = YES;
				CLANG_WARN_INFINITE_RECURSION = YES;
				CLANG_WARN_INT_CONVERSION = YES;
				CLANG_WARN_OBJC_ROOT_CLASS = YES_ERROR;
				CLANG_WARN_SUSPICIOUS_MOVE = YES;
				CLANG_WARN_UNREACHABLE_CODE = YES;
				CLANG_WARN__DUPLICATE_METHOD_MATCH = YES;
				"CODE_SIGN_IDENTITY[sdk=iphoneos*]" = "iPhone Developer";
				COPY_PHASE_STRIP = NO;
				DEBUG_INFORMATION_FORMAT = "dwarf-with-dsym";
				ENABLE_NS_ASSERTIONS = NO;
				ENABLE_STRICT_OBJC_MSGSEND = YES;
				GCC_C_LANGUAGE_STANDARD = gnu99;
				GCC_NO_COMMON_BLOCKS = YES;
				GCC_WARN_64_TO_32_BIT_CONVERSION = YES;
				GCC_WARN_ABOUT_RETURN_TYPE = YES_ERROR;
				GCC_WARN_UNDECLARED_SELECTOR = YES;
				GCC_WARN_UNINITIALIZED_AUTOS = YES_AGGRESSIVE;
				GCC_WARN_UNUSED_FUNCTION = YES;
				GCC_WARN_UNUSED_VARIABLE = YES;
				IPHONEOS_DEPLOYMENT_TARGET = 10.3;
				MTL_ENABLE_DEBUG_INFO = NO;
				SDKROOT = iphoneos;
				SWIFT_OPTIMIZATION_LEVEL = "-Owholemodule";
				VALIDATE_PRODUCT = YES;
			};
			name = Release;
		};
		EA7AD1631F6831F0006FBDC2 /* Debug */ = {
			isa = XCBuildConfiguration;
			buildSettings = {
				ASSETCATALOG_COMPILER_APPICON_NAME = AppIcon;
				DEVELOPMENT_TEAM = Y798R64W36;
				INFOPLIST_FILE = "002-函数的定义/Info.plist";
				LD_RUNPATH_SEARCH_PATHS = "$(inherited) @executable_path/Frameworks";
				PRODUCT_BUNDLE_IDENTIFIER = "com.bestera.test.-02------";
				PRODUCT_NAME = "$(TARGET_NAME)";
				SWIFT_VERSION = 3.0;
			};
			name = Debug;
		};
		EA7AD1641F6831F0006FBDC2 /* Release */ = {
			isa = XCBuildConfiguration;
			buildSettings = {
				ASSETCATALOG_COMPILER_APPICON_NAME = AppIcon;
				DEVELOPMENT_TEAM = Y798R64W36;
				INFOPLIST_FILE = "002-函数的定义/Info.plist";
				LD_RUNPATH_SEARCH_PATHS = "$(inherited) @executable_path/Frameworks";
				PRODUCT_BUNDLE_IDENTIFIER = "com.bestera.test.-02------";
				PRODUCT_NAME = "$(TARGET_NAME)";
				SWIFT_VERSION = 3.0;
			};
			name = Release;
		};
		EA7AD1661F6831F0006FBDC2 /* Debug */ = {
			isa = XCBuildConfiguration;
			buildSettings = {
				ALWAYS_EMBED_SWIFT_STANDARD_LIBRARIES = YES;
				BUNDLE_LOADER = "$(TEST_HOST)";
				DEVELOPMENT_TEAM = Y798R64W36;
				INFOPLIST_FILE = "002-函数的定义Tests/Info.plist";
				LD_RUNPATH_SEARCH_PATHS = "$(inherited) @executable_path/Frameworks @loader_path/Frameworks";
				PRODUCT_BUNDLE_IDENTIFIER = "com.bestera.test.-02------Tests";
				PRODUCT_NAME = "$(TARGET_NAME)";
				SWIFT_VERSION = 3.0;
				TEST_HOST = "$(BUILT_PRODUCTS_DIR)/002-函数的定义.app/002-函数的定义";
			};
			name = Debug;
		};
		EA7AD1671F6831F0006FBDC2 /* Release */ = {
			isa = XCBuildConfiguration;
			buildSettings = {
				ALWAYS_EMBED_SWIFT_STANDARD_LIBRARIES = YES;
				BUNDLE_LOADER = "$(TEST_HOST)";
				DEVELOPMENT_TEAM = Y798R64W36;
				INFOPLIST_FILE = "002-函数的定义Tests/Info.plist";
				LD_RUNPATH_SEARCH_PATHS = "$(inherited) @executable_path/Frameworks @loader_path/Frameworks";
				PRODUCT_BUNDLE_IDENTIFIER = "com.bestera.test.-02------Tests";
				PRODUCT_NAME = "$(TARGET_NAME)";
				SWIFT_VERSION = 3.0;
				TEST_HOST = "$(BUILT_PRODUCTS_DIR)/002-函数的定义.app/002-函数的定义";
			};
			name = Release;
		};
		EA7AD1691F6831F0006FBDC2 /* Debug */ = {
			isa = XCBuildConfiguration;
			buildSettings = {
				ALWAYS_EMBED_SWIFT_STANDARD_LIBRARIES = YES;
				DEVELOPMENT_TEAM = Y798R64W36;
				INFOPLIST_FILE = "002-函数的定义UITests/Info.plist";
				LD_RUNPATH_SEARCH_PATHS = "$(inherited) @executable_path/Frameworks @loader_path/Frameworks";
				PRODUCT_BUNDLE_IDENTIFIER = "com.bestera.test.-02------UITests";
				PRODUCT_NAME = "$(TARGET_NAME)";
				SWIFT_VERSION = 3.0;
				TEST_TARGET_NAME = "002-函数的定义";
			};
			name = Debug;
		};
		EA7AD16A1F6831F0006FBDC2 /* Release */ = {
			isa = XCBuildConfiguration;
			buildSettings = {
				ALWAYS_EMBED_SWIFT_STANDARD_LIBRARIES = YES;
				DEVELOPMENT_TEAM = Y798R64W36;
				INFOPLIST_FILE = "002-函数的定义UITests/Info.plist";
				LD_RUNPATH_SEARCH_PATHS = "$(inherited) @executable_path/Frameworks @loader_path/Frameworks";
				PRODUCT_BUNDLE_IDENTIFIER = "com.bestera.test.-02------UITests";
				PRODUCT_NAME = "$(TARGET_NAME)";
				SWIFT_VERSION = 3.0;
				TEST_TARGET_NAME = "002-函数的定义";
			};
			name = Release;
		};
/* End XCBuildConfiguration section */

/* Begin XCConfigurationList section */
		EA7AD1351F6831F0006FBDC2 /* Build configuration list for PBXProject "002-函数的定义" */ = {
			isa = XCConfigurationList;
			buildConfigurations = (
				EA7AD1601F6831F0006FBDC2 /* Debug */,
				EA7AD1611F6831F0006FBDC2 /* Release */,
			);
			defaultConfigurationIsVisible = 0;
			defaultConfigurationName = Release;
		};
		EA7AD1621F6831F0006FBDC2 /* Build configuration list for PBXNativeTarget "002-函数的定义" */ = {
			isa = XCConfigurationList;
			buildConfigurations = (
				EA7AD1631F6831F0006FBDC2 /* Debug */,
				EA7AD1641F6831F0006FBDC2 /* Release */,
			);
			defaultConfigurationIsVisible = 0;
		};
		EA7AD1651F6831F0006FBDC2 /* Build configuration list for PBXNativeTarget "002-函数的定义Tests" */ = {
			isa = XCConfigurationList;
			buildConfigurations = (
				EA7AD1661F6831F0006FBDC2 /* Debug */,
				EA7AD1671F6831F0006FBDC2 /* Release */,
			);
			defaultConfigurationIsVisible = 0;
		};
		EA7AD1681F6831F0006FBDC2 /* Build configuration list for PBXNativeTarget "002-函数的定义UITests" */ = {
			isa = XCConfigurationList;
			buildConfigurations = (
				EA7AD1691F6831F0006FBDC2 /* Debug */,
				EA7AD16A1F6831F0006FBDC2 /* Release */,
			);
			defaultConfigurationIsVisible = 0;
		};
/* End XCConfigurationList section */
	};
	rootObject = EA7AD1321F6831F0006FBDC2 /* Project object */;
}
